
Microsoft Visual Studio Solution File, Format Version 12.00
# Visual Studio Version 17
VisualStudioVersion = 17.14.36908.2
MinimumVisualStudioVersion = 10.0.40219.1
Project("{FAE04EC0-301F-11D3-BF4B-00C04F79EFBC}") = "Pmad.Git.LocalRepositories", "src\Pmad.Git.LocalRepositories\Pmad.Git.LocalRepositories.csproj", "{C7037C06-1E9C-4083-AF74-A55D2AD2B2E4}"
EndProject
Project("{FAE04EC0-301F-11D3-BF4B-00C04F79EFBC}") = "Pmad.Git.LocalRepositories.Test", "tests\Pmad.Git.LocalRepositories.Test\Pmad.Git.LocalRepositories.Test.csproj", "{BA8F4C20-3C86-48AA-AE40-63BB7687104B}"
EndProject
Project("{2150E333-8FDC-42A3-9474-1A3956D46DE8}") = "Github", "Github", "{02EA681E-C7D8-13C7-8484-4AC65E1B71E8}"
	ProjectSection(SolutionItems) = preProject
		.github\workflows\dotnet-linux-pr.yml = .github\workflows\dotnet-linux-pr.yml
		.github\workflows\dotnet-linux-pub.yml = .github\workflows\dotnet-linux-pub.yml
		.github\workflows\dotnet-linux.yml = .github\workflows\dotnet-linux.yml
		README.md = README.md
	EndProjectSection
EndProject
Global
	GlobalSection(SolutionConfigurationPlatforms) = preSolution
		Debug|Any CPU = Debug|Any CPU
		Release|Any CPU = Release|Any CPU
	EndGlobalSection
	GlobalSection(ProjectConfigurationPlatforms) = postSolution
		{C7037C06-1E9C-4083-AF74-A55D2AD2B2E4}.Debug|Any CPU.ActiveCfg = Debug|Any CPU
		{C7037C06-1E9C-4083-AF74-A55D2AD2B2E4}.Debug|Any CPU.Build.0 = Debug|Any CPU
		{C7037C06-1E9C-4083-AF74-A55D2AD2B2E4}.Release|Any CPU.ActiveCfg = Release|Any CPU
		{C7037C06-1E9C-4083-AF74-A55D2AD2B2E4}.Release|Any CPU.Build.0 = Release|Any CPU
		{BA8F4C20-3C86-48AA-AE40-63BB7687104B}.Debug|Any CPU.ActiveCfg = Debug|Any CPU
		{BA8F4C20-3C86-48AA-AE40-63BB7687104B}.Debug|Any CPU.Build.0 = Debug|Any CPU
		{BA8F4C20-3C86-48AA-AE40-63BB7687104B}.Release|Any CPU.ActiveCfg = Release|Any CPU
		{BA8F4C20-3C86-48AA-AE40-63BB7687104B}.Release|Any CPU.Build.0 = Release|Any CPU
	EndGlobalSection
	GlobalSection(SolutionProperties) = preSolution
		HideSolutionNode = FALSE
	EndGlobalSection
	GlobalSection(ExtensibilityGlobals) = postSolution
		SolutionGuid = {DFF98A5E-9257-498B-B67C-C50BC9AF63CE}
	EndGlobalSection
EndGlobal
